
Microsoft Visual Studio Solution File, Format Version 12.00
# Visual Studio 2013
VisualStudioVersion = 12.0.30110.0
MinimumVisualStudioVersion = 10.0.40219.1
Project("{FAE04EC0-301F-11D3-BF4B-00C04F79EFBC}") = "Cloud.UI.WEB", "Cloud.IU.WEB\Cloud.UI.WEB.csproj", "{9AF6B6DF-07BB-4A21-8FCE-308F71C4AED9}"
EndProject
Project("{2150E333-8FDC-42A3-9474-1A3956D46DE8}") = "Cloud.Foundation", "Cloud.Foundation", "{89B41A3A-FA38-4CAB-9C31-DCCA9DECE591}"
EndProject
Project("{FAE04EC0-301F-11D3-BF4B-00C04F79EFBC}") = "Cloud.Foundation.Infrastructure", "Cloud.Foundation.Infrastructure\Cloud.Foundation.Infrastructure.csproj", "{BEB015CD-5ED2-4D84-AE4D-18E11579B22C}"
EndProject
Project("{2150E333-8FDC-42A3-9474-1A3956D46DE8}") = "Cloud.UI", "Cloud.UI", "{9E7D1A77-CB79-4C73-BDE8-44E52A3DB8D4}"
EndProject
Project("{2150E333-8FDC-42A3-9474-1A3956D46DE8}") = "Cloud.IO", "Cloud.IO", "{AA8C414B-8733-4589-A584-94858F66EEDA}"
EndProject
Project("{FAE04EC0-301F-11D3-BF4B-00C04F79EFBC}") = "Cloud.IO.Repository", "Cloud.IO.Repository\Cloud.IO.Repository.csproj", "{C996ACC0-A5B1-4F23-8F78-94001259CCDD}"
EndProject
Project("{2150E333-8FDC-42A3-9474-1A3956D46DE8}") = "Cloud.Core", "Cloud.Core", "{D3832C28-CDD8-4B87-A0CB-1E4613954C1B}"
EndProject
Project("{FAE04EC0-301F-11D3-BF4B-00C04F79EFBC}") = "Cloud.Core.Models", "Cloud.Core.Models\Cloud.Core.Models.csproj", "{F4137ABF-8CE9-47E1-9242-092DF75F0D98}"
	ProjectSection(ProjectDependencies) = postProject
		{22B1B3B8-887A-4FC6-9D21-323E247D6B5F} = {22B1B3B8-887A-4FC6-9D21-323E247D6B5F}
	EndProjectSection
EndProject
Project("{FAE04EC0-301F-11D3-BF4B-00C04F79EFBC}") = "Cloud.IO.WSControlCenter", "Cloud.IO.WSControlCenter\Cloud.IO.WSControlCenter.csproj", "{BB78E223-8693-483F-8BCC-B31A90F5C1D2}"
EndProject
Project("{2150E333-8FDC-42A3-9474-1A3956D46DE8}") = "Cloud.Service", "Cloud.Service", "{34291270-02B0-43C0-8663-A821595F2BF1}"
EndProject
Project("{2150E333-8FDC-42A3-9474-1A3956D46DE8}") = "Cloud.Log", "Cloud.Log", "{F40E294B-580C-48BA-8B4B-24208EC62CFF}"
EndProject
Project("{FAE04EC0-301F-11D3-BF4B-00C04F79EFBC}") = "Cloud.Log.Tracking", "Cloud.Log.Tracking\Cloud.Log.Tracking.csproj", "{63E1A4BD-E01D-4820-B54A-C2A034872E2B}"
EndProject
Project("{2150E333-8FDC-42A3-9474-1A3956D46DE8}") = "WCF", "WCF", "{6A14BA68-ED23-4C27-8BDA-F97577A4A671}"
EndProject
Project("{2150E333-8FDC-42A3-9474-1A3956D46DE8}") = "Asmx", "Asmx", "{B573D75C-1C62-40B9-B328-0D826493ED95}"
EndProject
Project("{2150E333-8FDC-42A3-9474-1A3956D46DE8}") = "Cloud.Cache", "Cloud.Cache", "{DD0938A5-2DC0-4E19-AB08-CED884643DA3}"
EndProject
Project("{FAE04EC0-301F-11D3-BF4B-00C04F79EFBC}") = "Cloud.IO.NetworkService", "Cloud.IO.NetworkService\Cloud.IO.NetworkService.csproj", "{605C2AEA-6CFD-4604-A5F5-3532CF8426AF}"
EndProject
Project("{2150E333-8FDC-42A3-9474-1A3956D46DE8}") = "Analyse", "Analyse", "{C5148A83-38BB-48F2-AD8B-399C85830CB6}"
EndProject
Project("{FAE04EC0-301F-11D3-BF4B-00C04F79EFBC}") = "StressTest", "StressTest\StressTest.csproj", "{F476A779-A45A-4D9B-9935-EBF9E383D7EE}"
EndProject
Project("{2150E333-8FDC-42A3-9474-1A3956D46DE8}") = "Solution Items", "Solution Items", "{99798419-5D8D-416B-BA6F-3F585BC499A7}"
	ProjectSection(SolutionItems) = preProject
		Local.testsettings = Local.testsettings
	EndProjectSection
EndProject
Project("{FAE04EC0-301F-11D3-BF4B-00C04F79EFBC}") = "Cloud.Core.Models.RBS", "Cloud.Core.Models.RBS\Cloud.Core.Models.RBS.csproj", "{2C5FC894-2D5E-4B27-9E10-219F4CCA204D}"
EndProject
Project("{FAE04EC0-301F-11D3-BF4B-00C04F79EFBC}") = "Cloud.Core.GitLabDomain", "Cloud.Core.GitLabDomain\Cloud.Core.GitLabDomain.csproj", "{4DA351E4-54B7-408F-9300-1AADBDA9C73E}"
EndProject
Project("{FAE04EC0-301F-11D3-BF4B-00C04F79EFBC}") = "Cloud.Core.Models.Modules", "Cloud.Core.Models.Modules\Cloud.Core.Models.Modules.csproj", "{7D71E258-454B-4398-87AA-54AE17622657}"
EndProject
Project("{2150E333-8FDC-42A3-9474-1A3956D46DE8}") = "WebAPI", "WebAPI", "{14CA606C-BCE4-45CD-B9C2-800E3E51DF4D}"
EndProject
Project("{FAE04EC0-301F-11D3-BF4B-00C04F79EFBC}") = "RespositoryService", "RespositoryService\RespositoryService.csproj", "{22B1B3B8-887A-4FC6-9D21-323E247D6B5F}"
EndProject
Project("{FAE04EC0-301F-11D3-BF4B-00C04F79EFBC}") = "MessageServer", "MessageServer\MessageServer.csproj", "{2FA8B60C-7F5C-4C50-87EB-1B8D49B91AFE}"
	ProjectSection(ProjectDependencies) = postProject
		{9AF6B6DF-07BB-4A21-8FCE-308F71C4AED9} = {9AF6B6DF-07BB-4A21-8FCE-308F71C4AED9}
	EndProjectSection
EndProject
Project("{FAE04EC0-301F-11D3-BF4B-00C04F79EFBC}") = "Cloud.IO.DataAccess", "Cloud.IO.DataAccess\Cloud.IO.DataAccess.csproj", "{4C5F229B-9371-44A4-8890-00A44B2082E2}"
EndProject
Global
	GlobalSection(SolutionConfigurationPlatforms) = preSolution
		Debug|Any CPU = Debug|Any CPU
		Debug|x64 = Debug|x64
		Debug|x86 = Debug|x86
		Release|Any CPU = Release|Any CPU
		Release|x64 = Release|x64
		Release|x86 = Release|x86
	EndGlobalSection
	GlobalSection(ProjectConfigurationPlatforms) = postSolution
		{9AF6B6DF-07BB-4A21-8FCE-308F71C4AED9}.Debug|Any CPU.ActiveCfg = Debug|Any CPU
		{9AF6B6DF-07BB-4A21-8FCE-308F71C4AED9}.Debug|Any CPU.Build.0 = Debug|Any CPU
		{9AF6B6DF-07BB-4A21-8FCE-308F71C4AED9}.Debug|x64.ActiveCfg = Debug|x64
		{9AF6B6DF-07BB-4A21-8FCE-308F71C4AED9}.Debug|x64.Build.0 = Debug|x64
		{9AF6B6DF-07BB-4A21-8FCE-308F71C4AED9}.Debug|x86.ActiveCfg = Debug|x86
		{9AF6B6DF-07BB-4A21-8FCE-308F71C4AED9}.Debug|x86.Build.0 = Debug|x86
		{9AF6B6DF-07BB-4A21-8FCE-308F71C4AED9}.Release|Any CPU.ActiveCfg = Release|Any CPU
		{9AF6B6DF-07BB-4A21-8FCE-308F71C4AED9}.Release|Any CPU.Build.0 = Release|Any CPU
		{9AF6B6DF-07BB-4A21-8FCE-308F71C4AED9}.Release|x64.ActiveCfg = Release|x64
		{9AF6B6DF-07BB-4A21-8FCE-308F71C4AED9}.Release|x64.Build.0 = Release|x64
		{9AF6B6DF-07BB-4A21-8FCE-308F71C4AED9}.Release|x86.ActiveCfg = Release|x86
		{9AF6B6DF-07BB-4A21-8FCE-308F71C4AED9}.Release|x86.Build.0 = Release|x86
		{BEB015CD-5ED2-4D84-AE4D-18E11579B22C}.Debug|Any CPU.ActiveCfg = Debug|Any CPU
		{BEB015CD-5ED2-4D84-AE4D-18E11579B22C}.Debug|Any CPU.Build.0 = Debug|Any CPU
		{BEB015CD-5ED2-4D84-AE4D-18E11579B22C}.Debug|x64.ActiveCfg = Debug|x64
		{BEB015CD-5ED2-4D84-AE4D-18E11579B22C}.Debug|x64.Build.0 = Debug|x64
		{BEB015CD-5ED2-4D84-AE4D-18E11579B22C}.Debug|x86.ActiveCfg = Debug|x86
		{BEB015CD-5ED2-4D84-AE4D-18E11579B22C}.Debug|x86.Build.0 = Debug|x86
		{BEB015CD-5ED2-4D84-AE4D-18E11579B22C}.Release|Any CPU.ActiveCfg = Release|Any CPU
		{BEB015CD-5ED2-4D84-AE4D-18E11579B22C}.Release|Any CPU.Build.0 = Release|Any CPU
		{BEB015CD-5ED2-4D84-AE4D-18E11579B22C}.Release|x64.ActiveCfg = Release|x64
		{BEB015CD-5ED2-4D84-AE4D-18E11579B22C}.Release|x64.Build.0 = Release|x64
		{BEB015CD-5ED2-4D84-AE4D-18E11579B22C}.Release|x86.ActiveCfg = Release|x86
		{BEB015CD-5ED2-4D84-AE4D-18E11579B22C}.Release|x86.Build.0 = Release|x86
		{C996ACC0-A5B1-4F23-8F78-94001259CCDD}.Debug|Any CPU.ActiveCfg = Debug|Any CPU
		{C996ACC0-A5B1-4F23-8F78-94001259CCDD}.Debug|Any CPU.Build.0 = Debug|Any CPU
		{C996ACC0-A5B1-4F23-8F78-94001259CCDD}.Debug|x64.ActiveCfg = Debug|x64
		{C996ACC0-A5B1-4F23-8F78-94001259CCDD}.Debug|x64.Build.0 = Debug|x64
		{C996ACC0-A5B1-4F23-8F78-94001259CCDD}.Debug|x86.ActiveCfg = Debug|x86
		{C996ACC0-A5B1-4F23-8F78-94001259CCDD}.Debug|x86.Build.0 = Debug|x86
		{C996ACC0-A5B1-4F23-8F78-94001259CCDD}.Release|Any CPU.ActiveCfg = Release|Any CPU
		{C996ACC0-A5B1-4F23-8F78-94001259CCDD}.Release|Any CPU.Build.0 = Release|Any CPU
		{C996ACC0-A5B1-4F23-8F78-94001259CCDD}.Release|x64.ActiveCfg = Release|x64
		{C996ACC0-A5B1-4F23-8F78-94001259CCDD}.Release|x64.Build.0 = Release|x64
		{C996ACC0-A5B1-4F23-8F78-94001259CCDD}.Release|x86.ActiveCfg = Release|x86
		{C996ACC0-A5B1-4F23-8F78-94001259CCDD}.Release|x86.Build.0 = Release|x86
		{F4137ABF-8CE9-47E1-9242-092DF75F0D98}.Debug|Any CPU.ActiveCfg = Debug|Any CPU
		{F4137ABF-8CE9-47E1-9242-092DF75F0D98}.Debug|Any CPU.Build.0 = Debug|Any CPU
		{F4137ABF-8CE9-47E1-9242-092DF75F0D98}.Debug|x64.ActiveCfg = Debug|x64
		{F4137ABF-8CE9-47E1-9242-092DF75F0D98}.Debug|x64.Build.0 = Debug|x64
		{F4137ABF-8CE9-47E1-9242-092DF75F0D98}.Debug|x86.ActiveCfg = Debug|x86
		{F4137ABF-8CE9-47E1-9242-092DF75F0D98}.Debug|x86.Build.0 = Debug|x86
		{F4137ABF-8CE9-47E1-9242-092DF75F0D98}.Release|Any CPU.ActiveCfg = Release|Any CPU
		{F4137ABF-8CE9-47E1-9242-092DF75F0D98}.Release|Any CPU.Build.0 = Release|Any CPU
		{F4137ABF-8CE9-47E1-9242-092DF75F0D98}.Release|x64.ActiveCfg = Release|x64
		{F4137ABF-8CE9-47E1-9242-092DF75F0D98}.Release|x64.Build.0 = Release|x64
		{F4137ABF-8CE9-47E1-9242-092DF75F0D98}.Release|x86.ActiveCfg = Release|x86
		{F4137ABF-8CE9-47E1-9242-092DF75F0D98}.Release|x86.Build.0 = Release|x86
		{BB78E223-8693-483F-8BCC-B31A90F5C1D2}.Debug|Any CPU.ActiveCfg = Debug|Any CPU
		{BB78E223-8693-483F-8BCC-B31A90F5C1D2}.Debug|Any CPU.Build.0 = Debug|Any CPU
		{BB78E223-8693-483F-8BCC-B31A90F5C1D2}.Debug|x64.ActiveCfg = Debug|x64
		{BB78E223-8693-483F-8BCC-B31A90F5C1D2}.Debug|x64.Build.0 = Debug|x64
		{BB78E223-8693-483F-8BCC-B31A90F5C1D2}.Debug|x86.ActiveCfg = Debug|x86
		{BB78E223-8693-483F-8BCC-B31A90F5C1D2}.Debug|x86.Build.0 = Debug|x86
		{BB78E223-8693-483F-8BCC-B31A90F5C1D2}.Release|Any CPU.ActiveCfg = Release|Any CPU
		{BB78E223-8693-483F-8BCC-B31A90F5C1D2}.Release|Any CPU.Build.0 = Release|Any CPU
		{BB78E223-8693-483F-8BCC-B31A90F5C1D2}.Release|x64.ActiveCfg = Release|x64
		{BB78E223-8693-483F-8BCC-B31A90F5C1D2}.Release|x64.Build.0 = Release|x64
		{BB78E223-8693-483F-8BCC-B31A90F5C1D2}.Release|x86.ActiveCfg = Release|x86
		{BB78E223-8693-483F-8BCC-B31A90F5C1D2}.Release|x86.Build.0 = Release|x86
		{63E1A4BD-E01D-4820-B54A-C2A034872E2B}.Debug|Any CPU.ActiveCfg = Debug|Any CPU
		{63E1A4BD-E01D-4820-B54A-C2A034872E2B}.Debug|Any CPU.Build.0 = Debug|Any CPU
		{63E1A4BD-E01D-4820-B54A-C2A034872E2B}.Debug|x64.ActiveCfg = Debug|x64
		{63E1A4BD-E01D-4820-B54A-C2A034872E2B}.Debug|x64.Build.0 = Debug|x64
		{63E1A4BD-E01D-4820-B54A-C2A034872E2B}.Debug|x86.ActiveCfg = Debug|x86
		{63E1A4BD-E01D-4820-B54A-C2A034872E2B}.Debug|x86.Build.0 = Debug|x86
		{63E1A4BD-E01D-4820-B54A-C2A034872E2B}.Release|Any CPU.ActiveCfg = Release|Any CPU
		{63E1A4BD-E01D-4820-B54A-C2A034872E2B}.Release|Any CPU.Build.0 = Release|Any CPU
		{63E1A4BD-E01D-4820-B54A-C2A034872E2B}.Release|x64.ActiveCfg = Release|x64
		{63E1A4BD-E01D-4820-B54A-C2A034872E2B}.Release|x64.Build.0 = Release|x64
		{63E1A4BD-E01D-4820-B54A-C2A034872E2B}.Release|x86.ActiveCfg = Release|x86
		{63E1A4BD-E01D-4820-B54A-C2A034872E2B}.Release|x86.Build.0 = Release|x86
		{605C2AEA-6CFD-4604-A5F5-3532CF8426AF}.Debug|Any CPU.ActiveCfg = Debug|Any CPU
		{605C2AEA-6CFD-4604-A5F5-3532CF8426AF}.Debug|Any CPU.Build.0 = Debug|Any CPU
		{605C2AEA-6CFD-4604-A5F5-3532CF8426AF}.Debug|x64.ActiveCfg = Debug|Any CPU
		{605C2AEA-6CFD-4604-A5F5-3532CF8426AF}.Debug|x86.ActiveCfg = Debug|Any CPU
		{605C2AEA-6CFD-4604-A5F5-3532CF8426AF}.Release|Any CPU.ActiveCfg = Release|Any CPU
		{605C2AEA-6CFD-4604-A5F5-3532CF8426AF}.Release|Any CPU.Build.0 = Release|Any CPU
		{605C2AEA-6CFD-4604-A5F5-3532CF8426AF}.Release|x64.ActiveCfg = Release|Any CPU
		{605C2AEA-6CFD-4604-A5F5-3532CF8426AF}.Release|x86.ActiveCfg = Release|Any CPU
		{F476A779-A45A-4D9B-9935-EBF9E383D7EE}.Debug|Any CPU.ActiveCfg = Debug|Any CPU
		{F476A779-A45A-4D9B-9935-EBF9E383D7EE}.Debug|Any CPU.Build.0 = Debug|Any CPU
		{F476A779-A45A-4D9B-9935-EBF9E383D7EE}.Debug|x64.ActiveCfg = Debug|Any CPU
		{F476A779-A45A-4D9B-9935-EBF9E383D7EE}.Debug|x86.ActiveCfg = Debug|Any CPU
		{F476A779-A45A-4D9B-9935-EBF9E383D7EE}.Release|Any CPU.ActiveCfg = Release|Any CPU
		{F476A779-A45A-4D9B-9935-EBF9E383D7EE}.Release|Any CPU.Build.0 = Release|Any CPU
		{F476A779-A45A-4D9B-9935-EBF9E383D7EE}.Release|x64.ActiveCfg = Release|Any CPU
		{F476A779-A45A-4D9B-9935-EBF9E383D7EE}.Release|x86.ActiveCfg = Release|Any CPU
		{2C5FC894-2D5E-4B27-9E10-219F4CCA204D}.Debug|Any CPU.ActiveCfg = Debug|Any CPU
		{2C5FC894-2D5E-4B27-9E10-219F4CCA204D}.Debug|Any CPU.Build.0 = Debug|Any CPU
		{2C5FC894-2D5E-4B27-9E10-219F4CCA204D}.Debug|x64.ActiveCfg = Debug|Any CPU
		{2C5FC894-2D5E-4B27-9E10-219F4CCA204D}.Debug|x86.ActiveCfg = Debug|Any CPU
		{2C5FC894-2D5E-4B27-9E10-219F4CCA204D}.Release|Any CPU.ActiveCfg = Release|Any CPU
		{2C5FC894-2D5E-4B27-9E10-219F4CCA204D}.Release|Any CPU.Build.0 = Release|Any CPU
		{2C5FC894-2D5E-4B27-9E10-219F4CCA204D}.Release|x64.ActiveCfg = Release|Any CPU
		{2C5FC894-2D5E-4B27-9E10-219F4CCA204D}.Release|x86.ActiveCfg = Release|Any CPU
		{4DA351E4-54B7-408F-9300-1AADBDA9C73E}.Debug|Any CPU.ActiveCfg = Debug|Any CPU
		{4DA351E4-54B7-408F-9300-1AADBDA9C73E}.Debug|Any CPU.Build.0 = Debug|Any CPU
		{4DA351E4-54B7-408F-9300-1AADBDA9C73E}.Debug|x64.ActiveCfg = Debug|Any CPU
		{4DA351E4-54B7-408F-9300-1AADBDA9C73E}.Debug|x86.ActiveCfg = Debug|Any CPU
		{4DA351E4-54B7-408F-9300-1AADBDA9C73E}.Release|Any CPU.ActiveCfg = Release|Any CPU
		{4DA351E4-54B7-408F-9300-1AADBDA9C73E}.Release|Any CPU.Build.0 = Release|Any CPU
		{4DA351E4-54B7-408F-9300-1AADBDA9C73E}.Release|x64.ActiveCfg = Release|Any CPU
		{4DA351E4-54B7-408F-9300-1AADBDA9C73E}.Release|x86.ActiveCfg = Release|Any CPU
		{7D71E258-454B-4398-87AA-54AE17622657}.Debug|Any CPU.ActiveCfg = Debug|Any CPU
		{7D71E258-454B-4398-87AA-54AE17622657}.Debug|Any CPU.Build.0 = Debug|Any CPU
		{7D71E258-454B-4398-87AA-54AE17622657}.Debug|x64.ActiveCfg = Debug|Any CPU
		{7D71E258-454B-4398-87AA-54AE17622657}.Debug|x86.ActiveCfg = Debug|Any CPU
		{7D71E258-454B-4398-87AA-54AE17622657}.Release|Any CPU.ActiveCfg = Release|Any CPU
		{7D71E258-454B-4398-87AA-54AE17622657}.Release|Any CPU.Build.0 = Release|Any CPU
		{7D71E258-454B-4398-87AA-54AE17622657}.Release|x64.ActiveCfg = Release|Any CPU
		{7D71E258-454B-4398-87AA-54AE17622657}.Release|x86.ActiveCfg = Release|Any CPU
		{22B1B3B8-887A-4FC6-9D21-323E247D6B5F}.Debug|Any CPU.ActiveCfg = Debug|Any CPU
		{22B1B3B8-887A-4FC6-9D21-323E247D6B5F}.Debug|Any CPU.Build.0 = Debug|Any CPU
		{22B1B3B8-887A-4FC6-9D21-323E247D6B5F}.Debug|x64.ActiveCfg = Debug|Any CPU
		{22B1B3B8-887A-4FC6-9D21-323E247D6B5F}.Debug|x86.ActiveCfg = Debug|Any CPU
		{22B1B3B8-887A-4FC6-9D21-323E247D6B5F}.Release|Any CPU.ActiveCfg = Release|Any CPU
		{22B1B3B8-887A-4FC6-9D21-323E247D6B5F}.Release|Any CPU.Build.0 = Release|Any CPU
		{22B1B3B8-887A-4FC6-9D21-323E247D6B5F}.Release|x64.ActiveCfg = Release|Any CPU
		{22B1B3B8-887A-4FC6-9D21-323E247D6B5F}.Release|x86.ActiveCfg = Release|Any CPU
		{2FA8B60C-7F5C-4C50-87EB-1B8D49B91AFE}.Debug|Any CPU.ActiveCfg = Debug|Any CPU
		{2FA8B60C-7F5C-4C50-87EB-1B8D49B91AFE}.Debug|Any CPU.Build.0 = Debug|Any CPU
		{2FA8B60C-7F5C-4C50-87EB-1B8D49B91AFE}.Debug|x64.ActiveCfg = Debug|Any CPU
		{2FA8B60C-7F5C-4C50-87EB-1B8D49B91AFE}.Debug|x86.ActiveCfg = Debug|Any CPU
		{2FA8B60C-7F5C-4C50-87EB-1B8D49B91AFE}.Release|Any CPU.ActiveCfg = Release|Any CPU
		{2FA8B60C-7F5C-4C50-87EB-1B8D49B91AFE}.Release|Any CPU.Build.0 = Release|Any CPU
		{2FA8B60C-7F5C-4C50-87EB-1B8D49B91AFE}.Release|x64.ActiveCfg = Release|Any CPU
		{2FA8B60C-7F5C-4C50-87EB-1B8D49B91AFE}.Release|x86.ActiveCfg = Release|Any CPU
		{4C5F229B-9371-44A4-8890-00A44B2082E2}.Debug|Any CPU.ActiveCfg = Debug|Any CPU
		{4C5F229B-9371-44A4-8890-00A44B2082E2}.Debug|Any CPU.Build.0 = Debug|Any CPU
		{4C5F229B-9371-44A4-8890-00A44B2082E2}.Debug|x64.ActiveCfg = Debug|Any CPU
		{4C5F229B-9371-44A4-8890-00A44B2082E2}.Debug|x86.ActiveCfg = Debug|Any CPU
		{4C5F229B-9371-44A4-8890-00A44B2082E2}.Release|Any CPU.ActiveCfg = Release|Any CPU
		{4C5F229B-9371-44A4-8890-00A44B2082E2}.Release|Any CPU.Build.0 = Release|Any CPU
		{4C5F229B-9371-44A4-8890-00A44B2082E2}.Release|x64.ActiveCfg = Release|Any CPU
		{4C5F229B-9371-44A4-8890-00A44B2082E2}.Release|x86.ActiveCfg = Release|Any CPU
	EndGlobalSection
	GlobalSection(SolutionProperties) = preSolution
		HideSolutionNode = FALSE
	EndGlobalSection
	GlobalSection(NestedProjects) = preSolution
		{9AF6B6DF-07BB-4A21-8FCE-308F71C4AED9} = {9E7D1A77-CB79-4C73-BDE8-44E52A3DB8D4}
		{BEB015CD-5ED2-4D84-AE4D-18E11579B22C} = {89B41A3A-FA38-4CAB-9C31-DCCA9DECE591}
		{C996ACC0-A5B1-4F23-8F78-94001259CCDD} = {AA8C414B-8733-4589-A584-94858F66EEDA}
		{BB78E223-8693-483F-8BCC-B31A90F5C1D2} = {AA8C414B-8733-4589-A584-94858F66EEDA}
		{605C2AEA-6CFD-4604-A5F5-3532CF8426AF} = {AA8C414B-8733-4589-A584-94858F66EEDA}
		{4C5F229B-9371-44A4-8890-00A44B2082E2} = {AA8C414B-8733-4589-A584-94858F66EEDA}
		{F4137ABF-8CE9-47E1-9242-092DF75F0D98} = {D3832C28-CDD8-4B87-A0CB-1E4613954C1B}
		{2C5FC894-2D5E-4B27-9E10-219F4CCA204D} = {D3832C28-CDD8-4B87-A0CB-1E4613954C1B}
		{4DA351E4-54B7-408F-9300-1AADBDA9C73E} = {D3832C28-CDD8-4B87-A0CB-1E4613954C1B}
		{7D71E258-454B-4398-87AA-54AE17622657} = {D3832C28-CDD8-4B87-A0CB-1E4613954C1B}
		{6A14BA68-ED23-4C27-8BDA-F97577A4A671} = {34291270-02B0-43C0-8663-A821595F2BF1}
		{B573D75C-1C62-40B9-B328-0D826493ED95} = {34291270-02B0-43C0-8663-A821595F2BF1}
		{14CA606C-BCE4-45CD-B9C2-800E3E51DF4D} = {34291270-02B0-43C0-8663-A821595F2BF1}
		{63E1A4BD-E01D-4820-B54A-C2A034872E2B} = {F40E294B-580C-48BA-8B4B-24208EC62CFF}
		{22B1B3B8-887A-4FC6-9D21-323E247D6B5F} = {6A14BA68-ED23-4C27-8BDA-F97577A4A671}
		{F476A779-A45A-4D9B-9935-EBF9E383D7EE} = {C5148A83-38BB-48F2-AD8B-399C85830CB6}
		{99798419-5D8D-416B-BA6F-3F585BC499A7} = {C5148A83-38BB-48F2-AD8B-399C85830CB6}
		{2FA8B60C-7F5C-4C50-87EB-1B8D49B91AFE} = {14CA606C-BCE4-45CD-B9C2-800E3E51DF4D}
	EndGlobalSection
EndGlobal
